{
  "version": 4,
  "terraform_version": "1.12.1",
  "serial": 173,
  "lineage": "522fe182-1db5-68b2-6877-2c39fb05ef3c",
  "outputs": {
    "rds_endpoint": {
      "value": "ob-database-mysql.cl8h2rczljhu.us-east-1.rds.amazonaws.com:3306",
      "type": "string"
    }
  },
  "resources": [
    {
      "mode": "data",
      "type": "aws_ami",
      "name": "amazon_linux_2",
      "provider": "provider[\"registry.terraform.io/hashicorp/aws\"]",
      "instances": [
        {
          "schema_version": 0,
          "attributes": {
            "architecture": "x86_64",
            "arn": "arn:aws:ec2:us-east-1::image/ami-02b3c03c6fadb6e2c",
            "block_device_mappings": [
              {
                "device_name": "/dev/xvda",
                "ebs": {
                  "delete_on_termination": "true",
                  "encrypted": "false",
                  "iops": "0",
                  "snapshot_id": "snap-04ce47de64ef52a80",
                  "throughput": "0",
                  "volume_initialization_rate": "0",
                  "volume_size": "8",
                  "volume_type": "gp2"
                },
                "no_device": "",
                "virtual_name": ""
              }
            ],
            "boot_mode": "",
            "creation_date": "2025-06-11T01:27:34.000Z",
            "deprecation_time": "2025-09-09T01:28:00.000Z",
            "description": "Amazon Linux 2 AMI 2.0.20250610.0 x86_64 HVM gp2",
            "ena_support": true,
            "executable_users": null,
            "filter": [
              {
                "name": "name",
                "values": [
                  "amzn2-ami-hvm-*-x86_64-gp2"
                ]
              }
            ],
            "hypervisor": "xen",
            "id": "ami-02b3c03c6fadb6e2c",
            "image_id": "ami-02b3c03c6fadb6e2c",
            "image_location": "amazon/amzn2-ami-hvm-2.0.20250610.0-x86_64-gp2",
            "image_owner_alias": "amazon",
            "image_type": "machine",
            "imds_support": "",
            "include_deprecated": false,
            "kernel_id": "",
            "last_launched_time": "",
            "most_recent": true,
            "name": "amzn2-ami-hvm-2.0.20250610.0-x86_64-gp2",
            "name_regex": null,
            "owner_id": "137112412989",
            "owners": [
              "amazon"
            ],
            "platform": "",
            "platform_details": "Linux/UNIX",
            "product_codes": [],
            "public": true,
            "ramdisk_id": "",
            "root_device_name": "/dev/xvda",
            "root_device_type": "ebs",
            "root_snapshot_id": "snap-04ce47de64ef52a80",
            "sriov_net_support": "simple",
            "state": "available",
            "state_reason": {
              "code": "UNSET",
              "message": "UNSET"
            },
            "tags": {},
            "timeouts": null,
            "tpm_support": "",
            "uefi_data": null,
            "usage_operation": "RunInstances",
            "virtualization_type": "hvm"
          },
          "sensitive_attributes": [],
          "identity_schema_version": 0
        }
      ]
    },
    {
      "mode": "managed",
      "type": "aws_autoscaling_group",
      "name": "ob-asg",
      "provider": "provider[\"registry.terraform.io/hashicorp/aws\"]",
      "instances": [
        {
          "schema_version": 1,
          "attributes": {
            "arn": "arn:aws:autoscaling:us-east-1:961210249824:autoScalingGroup:e40bb2b8-d290-470c-9671-af3901f62c0f:autoScalingGroupName/terraform-20250614160937100300000005",
            "availability_zone_distribution": [
              {
                "capacity_distribution_strategy": "balanced-best-effort"
              }
            ],
            "availability_zones": [
              "us-east-1a",
              "us-east-1b"
            ],
            "capacity_rebalance": false,
            "capacity_reservation_specification": [
              {
                "capacity_reservation_preference": "default",
                "capacity_reservation_target": []
              }
            ],
            "context": "",
            "default_cooldown": 300,
            "default_instance_warmup": 0,
            "desired_capacity": 2,
            "desired_capacity_type": "",
            "enabled_metrics": null,
            "force_delete": false,
            "force_delete_warm_pool": false,
            "health_check_grace_period": 300,
            "health_check_type": "ELB",
            "id": "terraform-20250614160937100300000005",
            "ignore_failed_scaling_activities": false,
            "initial_lifecycle_hook": [],
            "instance_maintenance_policy": [],
            "instance_refresh": [],
            "launch_configuration": "",
            "launch_template": [
              {
                "id": "lt-08a07b9a8edee7262",
                "name": "Launch-template-obligatorio",
                "version": "1"
              }
            ],
            "load_balancers": [],
            "max_instance_lifetime": 0,
            "max_size": 2,
            "metrics_granularity": "1Minute",
            "min_elb_capacity": null,
            "min_size": 1,
            "mixed_instances_policy": [],
            "name": "terraform-20250614160937100300000005",
            "name_prefix": "terraform-",
            "placement_group": "",
            "predicted_capacity": 0,
            "protect_from_scale_in": false,
            "service_linked_role_arn": "arn:aws:iam::961210249824:role/aws-service-role/autoscaling.amazonaws.com/AWSServiceRoleForAutoScaling",
            "suspended_processes": null,
            "tag": [
              {
                "key": "Environment",
                "propagate_at_launch": true,
                "value": "production"
              },
              {
                "key": "Name",
                "propagate_at_launch": true,
                "value": "AutoScaling-Instance"
              }
            ],
            "target_group_arns": [
              "arn:aws:elasticloadbalancing:us-east-1:961210249824:targetgroup/ob-tg/80055ea0d155fbf9"
            ],
            "termination_policies": null,
            "timeouts": null,
            "traffic_source": [
              {
                "identifier": "arn:aws:elasticloadbalancing:us-east-1:961210249824:targetgroup/ob-tg/80055ea0d155fbf9",
                "type": "elbv2"
              }
            ],
            "vpc_zone_identifier": [
              "subnet-0753be4dbabd8ae2c",
              "subnet-07b6f431cb6ff70fc"
            ],
            "wait_for_capacity_timeout": "10m",
            "wait_for_elb_capacity": null,
            "warm_pool": [],
            "warm_pool_size": 0
          },
          "sensitive_attributes": [],
          "identity_schema_version": 0,
          "private": "eyJlMmJmYjczMC1lY2FhLTExZTYtOGY4OC0zNDM2M2JjN2M0YzAiOnsiZGVsZXRlIjo2MDAwMDAwMDAwMDAsInVwZGF0ZSI6NjAwMDAwMDAwMDAwfSwic2NoZW1hX3ZlcnNpb24iOiIxIn0=",
          "dependencies": [
            "aws_db_instance.ob_database",
            "aws_db_subnet_group.ob_db_subnet_group",
            "aws_launch_template.ob-lt",
            "aws_lb_target_group.ob-tg",
            "aws_security_group.ob-sg",
            "aws_subnet.ob-private-subnet",
            "aws_subnet.ob-private-subnet2",
            "aws_vpc.ob-vpc",
            "data.aws_ami.amazon_linux_2"
          ]
        }
      ]
    },
    {
      "mode": "managed",
      "type": "aws_db_instance",
      "name": "ob_database",
      "provider": "provider[\"registry.terraform.io/hashicorp/aws\"]",
      "instances": [
        {
          "schema_version": 2,
          "attributes": {
            "address": "ob-database-mysql.cl8h2rczljhu.us-east-1.rds.amazonaws.com",
            "allocated_storage": 20,
            "allow_major_version_upgrade": null,
            "apply_immediately": false,
            "arn": "arn:aws:rds:us-east-1:961210249824:db:ob-database-mysql",
            "auto_minor_version_upgrade": true,
            "availability_zone": "us-east-1b",
            "backup_retention_period": 7,
            "backup_target": "region",
            "backup_window": "06:49-07:19",
            "blue_green_update": [],
            "ca_cert_identifier": "rds-ca-rsa2048-g1",
            "character_set_name": "",
            "copy_tags_to_snapshot": false,
            "custom_iam_instance_profile": "",
            "customer_owned_ip_enabled": false,
            "database_insights_mode": "standard",
            "db_name": "mydatabase",
            "db_subnet_group_name": "ob-db-subnet-group",
            "dedicated_log_volume": false,
            "delete_automated_backups": true,
            "deletion_protection": false,
            "domain": "",
            "domain_auth_secret_arn": "",
            "domain_dns_ips": null,
            "domain_fqdn": "",
            "domain_iam_role_name": "",
            "domain_ou": "",
            "enabled_cloudwatch_logs_exports": null,
            "endpoint": "ob-database-mysql.cl8h2rczljhu.us-east-1.rds.amazonaws.com:3306",
            "engine": "mysql",
            "engine_lifecycle_support": "open-source-rds-extended-support",
            "engine_version": "8.0",
            "engine_version_actual": "8.0.41",
            "final_snapshot_identifier": null,
            "hosted_zone_id": "Z2R2ITUGPM61AM",
            "iam_database_authentication_enabled": false,
            "id": "db-ZJIGORHHGTKC5NZG6SM6V2P7L4",
            "identifier": "ob-database-mysql",
            "identifier_prefix": "",
            "instance_class": "db.t3.micro",
            "iops": 0,
            "kms_key_id": "",
            "latest_restorable_time": "2025-06-14T16:06:57Z",
            "license_model": "general-public-license",
            "listener_endpoint": [],
            "maintenance_window": "fri:07:37-fri:08:07",
            "manage_master_user_password": null,
            "master_user_secret": [],
            "master_user_secret_kms_key_id": null,
            "max_allocated_storage": 0,
            "monitoring_interval": 0,
            "monitoring_role_arn": "",
            "multi_az": false,
            "nchar_character_set_name": "",
            "network_type": "IPV4",
            "option_group_name": "default:mysql-8-0",
            "parameter_group_name": "default.mysql8.0",
            "password": "Password.01",
            "password_wo": null,
            "password_wo_version": null,
            "performance_insights_enabled": false,
            "performance_insights_kms_key_id": "",
            "performance_insights_retention_period": 0,
            "port": 3306,
            "publicly_accessible": false,
            "replica_mode": "",
            "replicas": [],
            "replicate_source_db": "",
            "resource_id": "db-ZJIGORHHGTKC5NZG6SM6V2P7L4",
            "restore_to_point_in_time": [],
            "s3_import": [],
            "skip_final_snapshot": true,
            "snapshot_identifier": null,
            "status": "available",
            "storage_encrypted": false,
            "storage_throughput": 0,
            "storage_type": "gp2",
            "tags": {
              "Name": "OB-Database"
            },
            "tags_all": {
              "Name": "OB-Database"
            },
            "timeouts": null,
            "timezone": "",
            "upgrade_storage_config": null,
            "username": "admin",
            "vpc_security_group_ids": [
              "sg-0837fc21823f5e151"
            ]
          },
          "sensitive_attributes": [
            [
              {
                "type": "get_attr",
                "value": "password"
              }
            ],
            [
              {
                "type": "get_attr",
                "value": "password_wo"
              }
            ]
          ],
          "identity_schema_version": 0,
          "private": "eyJlMmJmYjczMC1lY2FhLTExZTYtOGY4OC0zNDM2M2JjN2M0YzAiOnsiY3JlYXRlIjozMDAwMDAwMDAwMDAwLCJkZWxldGUiOjM2MDAwMDAwMDAwMDAsInVwZGF0ZSI6NDgwMDAwMDAwMDAwMH0sInNjaGVtYV92ZXJzaW9uIjoiMiJ9",
          "dependencies": [
            "aws_db_subnet_group.ob_db_subnet_group",
            "aws_security_group.ob-sg",
            "aws_subnet.ob-private-subnet",
            "aws_subnet.ob-private-subnet2",
            "aws_vpc.ob-vpc"
          ]
        }
      ]
    },
    {
      "mode": "managed",
      "type": "aws_db_subnet_group",
      "name": "ob_db_subnet_group",
      "provider": "provider[\"registry.terraform.io/hashicorp/aws\"]",
      "instances": [
        {
          "schema_version": 0,
          "attributes": {
            "arn": "arn:aws:rds:us-east-1:961210249824:subgrp:ob-db-subnet-group",
            "description": "Managed by Terraform",
            "id": "ob-db-subnet-group",
            "name": "ob-db-subnet-group",
            "name_prefix": "",
            "subnet_ids": [
              "subnet-0753be4dbabd8ae2c",
              "subnet-07b6f431cb6ff70fc"
            ],
            "supported_network_types": [
              "IPV4"
            ],
            "tags": {
              "Name": "OB-DB"
            },
            "tags_all": {
              "Name": "OB-DB"
            },
            "vpc_id": "vpc-0562818278bf658f5"
          },
          "sensitive_attributes": [],
          "identity_schema_version": 0,
          "private": "bnVsbA==",
          "dependencies": [
            "aws_subnet.ob-private-subnet",
            "aws_subnet.ob-private-subnet2",
            "aws_vpc.ob-vpc"
          ]
        }
      ]
    },
    {
      "mode": "managed",
      "type": "aws_eip",
      "name": "ob-nat-eip",
      "provider": "provider[\"registry.terraform.io/hashicorp/aws\"]",
      "instances": [
        {
          "schema_version": 0,
          "attributes": {
            "address": null,
            "allocation_id": "eipalloc-02ae6180c6c8c6156",
            "arn": "arn:aws:ec2:us-east-1:961210249824:elastic-ip/eipalloc-02ae6180c6c8c6156",
            "associate_with_private_ip": null,
            "association_id": "",
            "carrier_ip": "",
            "customer_owned_ip": "",
            "customer_owned_ipv4_pool": "",
            "domain": "vpc",
            "id": "eipalloc-02ae6180c6c8c6156",
            "instance": "",
            "ipam_pool_id": null,
            "network_border_group": "us-east-1",
            "network_interface": "",
            "private_dns": null,
            "private_ip": "",
            "ptr_record": "",
            "public_dns": "ec2-35-173-227-20.compute-1.amazonaws.com",
            "public_ip": "35.173.227.20",
            "public_ipv4_pool": "amazon",
            "tags": {
              "Name": "ob-nat-eip"
            },
            "tags_all": {
              "Name": "ob-nat-eip"
            },
            "timeouts": null,
            "vpc": true
          },
          "sensitive_attributes": [],
          "identity_schema_version": 0,
          "private": "eyJlMmJmYjczMC1lY2FhLTExZTYtOGY4OC0zNDM2M2JjN2M0YzAiOnsiZGVsZXRlIjoxODAwMDAwMDAwMDAsInJlYWQiOjkwMDAwMDAwMDAwMCwidXBkYXRlIjozMDAwMDAwMDAwMDB9fQ=="
        }
      ]
    },
    {
      "mode": "managed",
      "type": "aws_internet_gateway",
      "name": "ob-igw",
      "provider": "provider[\"registry.terraform.io/hashicorp/aws\"]",
      "instances": [
        {
          "schema_version": 0,
          "attributes": {
            "arn": "arn:aws:ec2:us-east-1:961210249824:internet-gateway/igw-04096c45661b285e8",
            "id": "igw-04096c45661b285e8",
            "owner_id": "961210249824",
            "tags": {
              "Name": "terraform-ob-gw"
            },
            "tags_all": {
              "Name": "terraform-ob-gw"
            },
            "timeouts": null,
            "vpc_id": "vpc-0562818278bf658f5"
          },
          "sensitive_attributes": [],
          "identity_schema_version": 0,
          "private": "eyJlMmJmYjczMC1lY2FhLTExZTYtOGY4OC0zNDM2M2JjN2M0YzAiOnsiY3JlYXRlIjoxMjAwMDAwMDAwMDAwLCJkZWxldGUiOjEyMDAwMDAwMDAwMDAsInVwZGF0ZSI6MTIwMDAwMDAwMDAwMH19",
          "dependencies": [
            "aws_vpc.ob-vpc"
          ]
        }
      ]
    },
    {
      "mode": "managed",
      "type": "aws_launch_template",
      "name": "ob-lt",
      "provider": "provider[\"registry.terraform.io/hashicorp/aws\"]",
      "instances": [
        {
          "schema_version": 0,
          "attributes": {
            "arn": "arn:aws:ec2:us-east-1:961210249824:launch-template/lt-08a07b9a8edee7262",
            "block_device_mappings": [],
            "capacity_reservation_specification": [],
            "cpu_options": [],
            "credit_specification": [],
            "default_version": 1,
            "description": "",
            "disable_api_stop": false,
            "disable_api_termination": false,
            "ebs_optimized": "",
            "elastic_gpu_specifications": [],
            "elastic_inference_accelerator": [],
            "enclave_options": [],
            "hibernation_options": [],
            "iam_instance_profile": [],
            "id": "lt-08a07b9a8edee7262",
            "image_id": "ami-02b3c03c6fadb6e2c",
            "instance_initiated_shutdown_behavior": "",
            "instance_market_options": [],
            "instance_requirements": [],
            "instance_type": "t2.micro",
            "kernel_id": "",
            "key_name": "vockey",
            "latest_version": 1,
            "license_specification": [],
            "maintenance_options": [],
            "metadata_options": [],
            "monitoring": [],
            "name": "Launch-template-obligatorio",
            "name_prefix": "",
            "network_interfaces": [],
            "placement": [],
            "private_dns_name_options": [],
            "ram_disk_id": "",
            "security_group_names": null,
            "tag_specifications": [],
            "tags": {
              "Name": "ASG-Launch-Template"
            },
            "tags_all": {
              "Name": "ASG-Launch-Template"
            },
            "update_default_version": null,
            "user_data": "IyEvYmluL2Jhc2gNCg0KICAjIEluc3RhbGFtb3MgR2l0IHNpIG5vIGVzdMOhIHlhIGluc3RhbGFkbw0KICBpZiAhIGNvbW1hbmQgLXYgZ2l0ICY+IC9kZXYvbnVsbDsgdGhlbg0KICAgICAgc3VkbyB5dW0gaW5zdGFsbCAteSBnaXQNCiAgZmkNCg0KICMgVHJhZW1vcyBlbCByZXBvc2l0b3Jpbw0KICBnaXQgY2xvbmUgaHR0cHM6Ly9naXRodWIuY29tL05pY29BcnJpYmlvL01vZGlmaWVkQXBwDQogIGNkIE1vZGlmaWVkQXBwDQoNCiAgIyBJbnN0YWxhbW9zIE1hcmlhREINCiAgc3VkbyB5dW0gaW5zdGFsbCAteSBteXNxbA0KDQogICMgT2J0ZW5lbW9zIGxvcyB2YWxvcmVzIGRlIFRlcnJhZm9ybSBwYXJhIGVsIGVuZHBvaW50IHkgY3JlZGVuY2lhbGVzDQogIERCX0VORFBPSU5UPSJvYi1kYXRhYmFzZS1teXNxbC5jbDhoMnJjemxqaHUudXMtZWFzdC0xLnJkcy5hbWF6b25hd3MuY29tIg0KICBEQl9VU0VSTkFNRT0iYWRtaW4iDQogIERCX1BBU1NXT1JEPSJQYXNzd29yZC4wMSIgIyDCoUFEVkVSVEVOQ0lBIERFIFNFR1VSSURBRCEgVmVyIG5vdGEgYWJham8uDQogIERCX05BTUU9Im15ZGF0YWJhc2UiDQogIFNRTF9GSUxFPSJkYi1zZXR0aW5ncy5zcWwiDQoNCiAgZWNobyAiRXNwZXJhbmRvIGEgcXVlIGxhIGJhc2UgZGUgZGF0b3MgZXN0w6kgZGlzcG9uaWJsZS4uLiINCiMgQnVjbGUgcGFyYSBlc3BlcmFyIGEgcXVlIGxhIGJhc2UgZGUgZGF0b3MgcmVzcG9uZGEgYW50ZXMgZGUgaW50ZW50YXIgaW1wb3J0YXINCiMgRXN0byBlcyBjcnVjaWFsIHlhIHF1ZSBSRFMgcHVlZGUgdGFyZGFyIHVuIHBvY28gZW4gZXN0YXIgY29tcGxldGFtZW50ZSBvcGVyYXRpdm8NCnVudGlsIG15c3FsIC1oICREQl9FTkRQT0lOVCAtdSAkREJfVVNFUk5BTUUgLXAkREJfUEFTU1dPUkQgLWUgIlNFTEVDVCAxOyIgPiAvZGV2L251bGwgMj4mMTsgZG8NCiAgICBlY2hvICJCYXNlIGRlIGRhdG9zIG5vIGRpc3BvbmlibGUgdG9kYXbDrWEsIHJlaW50ZW50YW5kbyBlbiA1IHNlZ3VuZG9zLi4uIg0KICAgIHNsZWVwIDUNCmRvbmUNCmVjaG8gIkJhc2UgZGUgZGF0b3MgZGlzcG9uaWJsZS4gSW1wb3J0YW5kbyBlc3F1ZW1hLi4uIg0KDQojIEltcG9ydGFyIGVsIGFyY2hpdm8gU1FMDQojIFVzYW1vcyAiJERCX1BBU1NXT1JEIiBlbnRyZSBjb21pbGxhcyBkb2JsZXMgcG9yIHNpIGxhIGNvbnRyYXNlw7FhIHRpZW5lIGNhcmFjdGVyZXMgZXNwZWNpYWxlcw0KbXlzcWwgLWggJERCX0VORFBPSU5UIC11ICREQl9VU0VSTkFNRSAtcCIkREJfUEFTU1dPUkQiICREQl9OQU1FIDwgIiRTUUxfRklMRSINCg0KZWNobyAiRXNxdWVtYSBkZSBsYSBiYXNlIGRlIGRhdG9zIGltcG9ydGFkby4iDQoNCiAgIyBJbnN0YWxhbW9zIERvY2tlciBzaSBubyBlc3TDoSB5YSBpbnN0YWxhZG8NCiAgaWYgISBjb21tYW5kIC12IGRvY2tlciAmPiAvZGV2L251bGw7IHRoZW4NCiAgICAgIHN1ZG8geXVtIGluc3RhbGwgLXkgZG9ja2VyDQogICAgICBzdWRvIHN5c3RlbWN0bCBzdGFydCBkb2NrZXINCiAgICAgIHN1ZG8gc3lzdGVtY3RsIGVuYWJsZSBkb2NrZXINCiAgZmkNCg0KICAjIENvbnN0cnVpbW9zIGxhIGltYWdlbiBkZSBEb2NrZXINCiAgc3VkbyBkb2NrZXIgYnVpbGQgLXQgZWNvbW1lcmNlLWFwcCAuDQoNCiAgIyBFamVjdXRhbW9zIGVsIGNvbnRlbmVkb3IgZW4gc2VndW5kbyBwbGFubw0KICBzdWRvIGRvY2tlciBydW4gLWQgLXAgODA6ODAgZWNvbW1lcmNlLWFwcA0KDQo=",
            "vpc_security_group_ids": [
              "sg-0837fc21823f5e151"
            ]
          },
          "sensitive_attributes": [],
          "identity_schema_version": 0,
          "private": "bnVsbA==",
          "dependencies": [
            "aws_db_instance.ob_database",
            "aws_db_subnet_group.ob_db_subnet_group",
            "aws_security_group.ob-sg",
            "aws_subnet.ob-private-subnet",
            "aws_subnet.ob-private-subnet2",
            "aws_vpc.ob-vpc",
            "data.aws_ami.amazon_linux_2"
          ]
        }
      ]
    },
    {
      "mode": "managed",
      "type": "aws_lb",
      "name": "ob-lb",
      "provider": "provider[\"registry.terraform.io/hashicorp/aws\"]",
      "instances": [
        {
          "schema_version": 0,
          "attributes": {
            "access_logs": [
              {
                "bucket": "",
                "enabled": false,
                "prefix": ""
              }
            ],
            "arn": "arn:aws:elasticloadbalancing:us-east-1:961210249824:loadbalancer/app/ob-lb/e0acfdc640791356",
            "arn_suffix": "app/ob-lb/e0acfdc640791356",
            "client_keep_alive": 3600,
            "connection_logs": [
              {
                "bucket": "",
                "enabled": false,
                "prefix": ""
              }
            ],
            "customer_owned_ipv4_pool": "",
            "desync_mitigation_mode": "defensive",
            "dns_name": "ob-lb-427411670.us-east-1.elb.amazonaws.com",
            "dns_record_client_routing_policy": null,
            "drop_invalid_header_fields": false,
            "enable_cross_zone_load_balancing": true,
            "enable_deletion_protection": false,
            "enable_http2": true,
            "enable_tls_version_and_cipher_suite_headers": false,
            "enable_waf_fail_open": false,
            "enable_xff_client_port": false,
            "enable_zonal_shift": false,
            "enforce_security_group_inbound_rules_on_private_link_traffic": "",
            "id": "arn:aws:elasticloadbalancing:us-east-1:961210249824:loadbalancer/app/ob-lb/e0acfdc640791356",
            "idle_timeout": 60,
            "internal": false,
            "ip_address_type": "ipv4",
            "ipam_pools": [],
            "load_balancer_type": "application",
            "minimum_load_balancer_capacity": [],
            "name": "ob-lb",
            "name_prefix": "",
            "preserve_host_header": false,
            "security_groups": [
              "sg-0837fc21823f5e151"
            ],
            "subnet_mapping": [
              {
                "allocation_id": "",
                "ipv6_address": "",
                "outpost_id": "",
                "private_ipv4_address": "",
                "subnet_id": "subnet-0530ec99d8a7c3907"
              },
              {
                "allocation_id": "",
                "ipv6_address": "",
                "outpost_id": "",
                "private_ipv4_address": "",
                "subnet_id": "subnet-06b7701050c133a4e"
              }
            ],
            "subnets": [
              "subnet-0530ec99d8a7c3907",
              "subnet-06b7701050c133a4e"
            ],
            "tags": {
              "Environment": "production"
            },
            "tags_all": {
              "Environment": "production"
            },
            "timeouts": null,
            "vpc_id": "vpc-0562818278bf658f5",
            "xff_header_processing_mode": "append",
            "zone_id": "Z35SXDOTRQ7X7K"
          },
          "sensitive_attributes": [],
          "identity_schema_version": 0,
          "private": "eyJlMmJmYjczMC1lY2FhLTExZTYtOGY4OC0zNDM2M2JjN2M0YzAiOnsiY3JlYXRlIjo2MDAwMDAwMDAwMDAsImRlbGV0ZSI6NjAwMDAwMDAwMDAwLCJ1cGRhdGUiOjYwMDAwMDAwMDAwMH19",
          "dependencies": [
            "aws_security_group.ob-sg",
            "aws_subnet.ob-private-subnet",
            "aws_subnet.ob-private-subnet2",
            "aws_subnet.ob-public-subnet",
            "aws_subnet.ob-public-subnet2",
            "aws_vpc.ob-vpc"
          ]
        }
      ]
    },
    {
      "mode": "managed",
      "type": "aws_lb_listener",
      "name": "ob-listener",
      "provider": "provider[\"registry.terraform.io/hashicorp/aws\"]",
      "instances": [
        {
          "schema_version": 0,
          "attributes": {
            "alpn_policy": null,
            "arn": "arn:aws:elasticloadbalancing:us-east-1:961210249824:listener/app/ob-lb/e0acfdc640791356/7ba8532ad89decd8",
            "certificate_arn": null,
            "default_action": [
              {
                "authenticate_cognito": [],
                "authenticate_oidc": [],
                "fixed_response": [],
                "forward": [],
                "order": 1,
                "redirect": [],
                "target_group_arn": "arn:aws:elasticloadbalancing:us-east-1:961210249824:targetgroup/ob-tg/80055ea0d155fbf9",
                "type": "forward"
              }
            ],
            "id": "arn:aws:elasticloadbalancing:us-east-1:961210249824:listener/app/ob-lb/e0acfdc640791356/7ba8532ad89decd8",
            "load_balancer_arn": "arn:aws:elasticloadbalancing:us-east-1:961210249824:loadbalancer/app/ob-lb/e0acfdc640791356",
            "mutual_authentication": [],
            "port": 80,
            "protocol": "HTTP",
            "routing_http_request_x_amzn_mtls_clientcert_header_name": null,
            "routing_http_request_x_amzn_mtls_clientcert_issuer_header_name": null,
            "routing_http_request_x_amzn_mtls_clientcert_leaf_header_name": null,
            "routing_http_request_x_amzn_mtls_clientcert_serial_number_header_name": null,
            "routing_http_request_x_amzn_mtls_clientcert_subject_header_name": null,
            "routing_http_request_x_amzn_mtls_clientcert_validity_header_name": null,
            "routing_http_request_x_amzn_tls_cipher_suite_header_name": null,
            "routing_http_request_x_amzn_tls_version_header_name": null,
            "routing_http_response_access_control_allow_credentials_header_value": "",
            "routing_http_response_access_control_allow_headers_header_value": "",
            "routing_http_response_access_control_allow_methods_header_value": "",
            "routing_http_response_access_control_allow_origin_header_value": "",
            "routing_http_response_access_control_expose_headers_header_value": "",
            "routing_http_response_access_control_max_age_header_value": "",
            "routing_http_response_content_security_policy_header_value": "",
            "routing_http_response_server_enabled": true,
            "routing_http_response_strict_transport_security_header_value": "",
            "routing_http_response_x_content_type_options_header_value": "",
            "routing_http_response_x_frame_options_header_value": "",
            "ssl_policy": "",
            "tags": null,
            "tags_all": {},
            "tcp_idle_timeout_seconds": null,
            "timeouts": null
          },
          "sensitive_attributes": [],
          "identity_schema_version": 0,
          "private": "eyJlMmJmYjczMC1lY2FhLTExZTYtOGY4OC0zNDM2M2JjN2M0YzAiOnsiY3JlYXRlIjozMDAwMDAwMDAwMDAsInVwZGF0ZSI6MzAwMDAwMDAwMDAwfX0=",
          "dependencies": [
            "aws_lb.ob-lb",
            "aws_lb_target_group.ob-tg",
            "aws_security_group.ob-sg",
            "aws_subnet.ob-private-subnet",
            "aws_subnet.ob-private-subnet2",
            "aws_subnet.ob-public-subnet",
            "aws_subnet.ob-public-subnet2",
            "aws_vpc.ob-vpc"
          ]
        }
      ]
    },
    {
      "mode": "managed",
      "type": "aws_lb_listener_rule",
      "name": "ob-listener-rule",
      "provider": "provider[\"registry.terraform.io/hashicorp/aws\"]",
      "instances": [
        {
          "schema_version": 0,
          "attributes": {
            "action": [
              {
                "authenticate_cognito": [],
                "authenticate_oidc": [],
                "fixed_response": [],
                "forward": [],
                "order": 1,
                "redirect": [],
                "target_group_arn": "arn:aws:elasticloadbalancing:us-east-1:961210249824:targetgroup/ob-tg/80055ea0d155fbf9",
                "type": "forward"
              }
            ],
            "arn": "arn:aws:elasticloadbalancing:us-east-1:961210249824:listener-rule/app/ob-lb/e0acfdc640791356/7ba8532ad89decd8/c40dfc2af75614bc",
            "condition": [
              {
                "host_header": [],
                "http_header": [],
                "http_request_method": [],
                "path_pattern": [
                  {
                    "values": [
                      "/index.html"
                    ]
                  }
                ],
                "query_string": [],
                "source_ip": []
              }
            ],
            "id": "arn:aws:elasticloadbalancing:us-east-1:961210249824:listener-rule/app/ob-lb/e0acfdc640791356/7ba8532ad89decd8/c40dfc2af75614bc",
            "listener_arn": "arn:aws:elasticloadbalancing:us-east-1:961210249824:listener/app/ob-lb/e0acfdc640791356/7ba8532ad89decd8",
            "priority": 100,
            "tags": null,
            "tags_all": {}
          },
          "sensitive_attributes": [],
          "identity_schema_version": 0,
          "private": "bnVsbA==",
          "dependencies": [
            "aws_lb.ob-lb",
            "aws_lb_listener.ob-listener",
            "aws_lb_target_group.ob-tg",
            "aws_security_group.ob-sg",
            "aws_subnet.ob-private-subnet",
            "aws_subnet.ob-private-subnet2",
            "aws_subnet.ob-public-subnet",
            "aws_subnet.ob-public-subnet2",
            "aws_vpc.ob-vpc"
          ]
        }
      ]
    },
    {
      "mode": "managed",
      "type": "aws_lb_target_group",
      "name": "ob-tg",
      "provider": "provider[\"registry.terraform.io/hashicorp/aws\"]",
      "instances": [
        {
          "schema_version": 0,
          "attributes": {
            "arn": "arn:aws:elasticloadbalancing:us-east-1:961210249824:targetgroup/ob-tg/80055ea0d155fbf9",
            "arn_suffix": "targetgroup/ob-tg/80055ea0d155fbf9",
            "connection_termination": null,
            "deregistration_delay": "300",
            "health_check": [
              {
                "enabled": true,
                "healthy_threshold": 5,
                "interval": 30,
                "matcher": "200",
                "path": "/",
                "port": "traffic-port",
                "protocol": "HTTP",
                "timeout": 5,
                "unhealthy_threshold": 2
              }
            ],
            "id": "arn:aws:elasticloadbalancing:us-east-1:961210249824:targetgroup/ob-tg/80055ea0d155fbf9",
            "ip_address_type": "ipv4",
            "lambda_multi_value_headers_enabled": false,
            "load_balancer_arns": [],
            "load_balancing_algorithm_type": "round_robin",
            "load_balancing_anomaly_mitigation": "off",
            "load_balancing_cross_zone_enabled": "use_load_balancer_configuration",
            "name": "ob-tg",
            "name_prefix": "",
            "port": 80,
            "preserve_client_ip": null,
            "protocol": "HTTP",
            "protocol_version": "HTTP1",
            "proxy_protocol_v2": false,
            "slow_start": 0,
            "stickiness": [
              {
                "cookie_duration": 86400,
                "cookie_name": "",
                "enabled": false,
                "type": "lb_cookie"
              }
            ],
            "tags": null,
            "tags_all": {},
            "target_failover": [
              {
                "on_deregistration": null,
                "on_unhealthy": null
              }
            ],
            "target_group_health": [
              {
                "dns_failover": [
                  {
                    "minimum_healthy_targets_count": "1",
                    "minimum_healthy_targets_percentage": "off"
                  }
                ],
                "unhealthy_state_routing": [
                  {
                    "minimum_healthy_targets_count": 1,
                    "minimum_healthy_targets_percentage": "off"
                  }
                ]
              }
            ],
            "target_health_state": [
              {
                "enable_unhealthy_connection_termination": null,
                "unhealthy_draining_interval": null
              }
            ],
            "target_type": "instance",
            "vpc_id": "vpc-0562818278bf658f5"
          },
          "sensitive_attributes": [],
          "identity_schema_version": 0,
          "private": "bnVsbA==",
          "dependencies": [
            "aws_vpc.ob-vpc"
          ]
        }
      ]
    },
    {
      "mode": "managed",
      "type": "aws_nat_gateway",
      "name": "ob-nigw",
      "provider": "provider[\"registry.terraform.io/hashicorp/aws\"]",
      "instances": [
        {
          "schema_version": 0,
          "attributes": {
            "allocation_id": "eipalloc-02ae6180c6c8c6156",
            "association_id": "eipassoc-0260ef2cde09dcd41",
            "connectivity_type": "public",
            "id": "nat-0bbdd15687ab4a0e7",
            "network_interface_id": "eni-06d2f9ae0ebc90eb4",
            "private_ip": "10.0.1.28",
            "public_ip": "35.173.227.20",
            "secondary_allocation_ids": null,
            "secondary_private_ip_address_count": 0,
            "secondary_private_ip_addresses": [],
            "subnet_id": "subnet-06b7701050c133a4e",
            "tags": {
              "Name": "ob-nigw"
            },
            "tags_all": {
              "Name": "ob-nigw"
            },
            "timeouts": null
          },
          "sensitive_attributes": [],
          "identity_schema_version": 0,
          "private": "eyJlMmJmYjczMC1lY2FhLTExZTYtOGY4OC0zNDM2M2JjN2M0YzAiOnsiY3JlYXRlIjo2MDAwMDAwMDAwMDAsImRlbGV0ZSI6MTgwMDAwMDAwMDAwMCwidXBkYXRlIjo2MDAwMDAwMDAwMDB9fQ==",
          "dependencies": [
            "aws_eip.ob-nat-eip",
            "aws_subnet.ob-public-subnet",
            "aws_vpc.ob-vpc"
          ]
        }
      ]
    },
    {
      "mode": "managed",
      "type": "aws_route_table",
      "name": "ob-private-route-table",
      "provider": "provider[\"registry.terraform.io/hashicorp/aws\"]",
      "instances": [
        {
          "schema_version": 0,
          "attributes": {
            "arn": "arn:aws:ec2:us-east-1:961210249824:route-table/rtb-08e0a2f66aa80118d",
            "id": "rtb-08e0a2f66aa80118d",
            "owner_id": "961210249824",
            "propagating_vgws": [],
            "route": [
              {
                "carrier_gateway_id": "",
                "cidr_block": "0.0.0.0/0",
                "core_network_arn": "",
                "destination_prefix_list_id": "",
                "egress_only_gateway_id": "",
                "gateway_id": "",
                "ipv6_cidr_block": "",
                "local_gateway_id": "",
                "nat_gateway_id": "nat-0bbdd15687ab4a0e7",
                "network_interface_id": "",
                "transit_gateway_id": "",
                "vpc_endpoint_id": "",
                "vpc_peering_connection_id": ""
              }
            ],
            "tags": {
              "Name": "ob-private-route-table"
            },
            "tags_all": {
              "Name": "ob-private-route-table"
            },
            "timeouts": null,
            "vpc_id": "vpc-0562818278bf658f5"
          },
          "sensitive_attributes": [],
          "identity_schema_version": 0,
          "private": "eyJlMmJmYjczMC1lY2FhLTExZTYtOGY4OC0zNDM2M2JjN2M0YzAiOnsiY3JlYXRlIjozMDAwMDAwMDAwMDAsImRlbGV0ZSI6MzAwMDAwMDAwMDAwLCJ1cGRhdGUiOjEyMDAwMDAwMDAwMH19",
          "dependencies": [
            "aws_eip.ob-nat-eip",
            "aws_nat_gateway.ob-nigw",
            "aws_subnet.ob-public-subnet",
            "aws_vpc.ob-vpc"
          ]
        }
      ]
    },
    {
      "mode": "managed",
      "type": "aws_route_table",
      "name": "ob-public-route-table",
      "provider": "provider[\"registry.terraform.io/hashicorp/aws\"]",
      "instances": [
        {
          "schema_version": 0,
          "attributes": {
            "arn": "arn:aws:ec2:us-east-1:961210249824:route-table/rtb-011079034e6a14f79",
            "id": "rtb-011079034e6a14f79",
            "owner_id": "961210249824",
            "propagating_vgws": [],
            "route": [
              {
                "carrier_gateway_id": "",
                "cidr_block": "0.0.0.0/0",
                "core_network_arn": "",
                "destination_prefix_list_id": "",
                "egress_only_gateway_id": "",
                "gateway_id": "igw-04096c45661b285e8",
                "ipv6_cidr_block": "",
                "local_gateway_id": "",
                "nat_gateway_id": "",
                "network_interface_id": "",
                "transit_gateway_id": "",
                "vpc_endpoint_id": "",
                "vpc_peering_connection_id": ""
              }
            ],
            "tags": {
              "Name": "ob_public_route_table_igw"
            },
            "tags_all": {
              "Name": "ob_public_route_table_igw"
            },
            "timeouts": null,
            "vpc_id": "vpc-0562818278bf658f5"
          },
          "sensitive_attributes": [],
          "identity_schema_version": 0,
          "private": "eyJlMmJmYjczMC1lY2FhLTExZTYtOGY4OC0zNDM2M2JjN2M0YzAiOnsiY3JlYXRlIjozMDAwMDAwMDAwMDAsImRlbGV0ZSI6MzAwMDAwMDAwMDAwLCJ1cGRhdGUiOjEyMDAwMDAwMDAwMH19",
          "dependencies": [
            "aws_internet_gateway.ob-igw",
            "aws_vpc.ob-vpc"
          ]
        }
      ]
    },
    {
      "mode": "managed",
      "type": "aws_route_table_association",
      "name": "ob-private-subnet_association",
      "provider": "provider[\"registry.terraform.io/hashicorp/aws\"]",
      "instances": [
        {
          "schema_version": 0,
          "attributes": {
            "gateway_id": "",
            "id": "rtbassoc-07e2ecb792f25fda9",
            "route_table_id": "rtb-08e0a2f66aa80118d",
            "subnet_id": "subnet-0753be4dbabd8ae2c",
            "timeouts": null
          },
          "sensitive_attributes": [],
          "identity_schema_version": 0,
          "private": "eyJlMmJmYjczMC1lY2FhLTExZTYtOGY4OC0zNDM2M2JjN2M0YzAiOnsiY3JlYXRlIjozMDAwMDAwMDAwMDAsImRlbGV0ZSI6MzAwMDAwMDAwMDAwLCJ1cGRhdGUiOjEyMDAwMDAwMDAwMH19",
          "dependencies": [
            "aws_eip.ob-nat-eip",
            "aws_nat_gateway.ob-nigw",
            "aws_route_table.ob-private-route-table",
            "aws_subnet.ob-private-subnet",
            "aws_subnet.ob-public-subnet",
            "aws_vpc.ob-vpc"
          ]
        }
      ]
    },
    {
      "mode": "managed",
      "type": "aws_route_table_association",
      "name": "ob-private-subnet_association2",
      "provider": "provider[\"registry.terraform.io/hashicorp/aws\"]",
      "instances": [
        {
          "schema_version": 0,
          "attributes": {
            "gateway_id": "",
            "id": "rtbassoc-051d948316bad121b",
            "route_table_id": "rtb-08e0a2f66aa80118d",
            "subnet_id": "subnet-07b6f431cb6ff70fc",
            "timeouts": null
          },
          "sensitive_attributes": [],
          "identity_schema_version": 0,
          "private": "eyJlMmJmYjczMC1lY2FhLTExZTYtOGY4OC0zNDM2M2JjN2M0YzAiOnsiY3JlYXRlIjozMDAwMDAwMDAwMDAsImRlbGV0ZSI6MzAwMDAwMDAwMDAwLCJ1cGRhdGUiOjEyMDAwMDAwMDAwMH19",
          "dependencies": [
            "aws_eip.ob-nat-eip",
            "aws_nat_gateway.ob-nigw",
            "aws_route_table.ob-private-route-table",
            "aws_subnet.ob-private-subnet2",
            "aws_subnet.ob-public-subnet",
            "aws_vpc.ob-vpc"
          ]
        }
      ]
    },
    {
      "mode": "managed",
      "type": "aws_route_table_association",
      "name": "ob-public_subnet_association1",
      "provider": "provider[\"registry.terraform.io/hashicorp/aws\"]",
      "instances": [
        {
          "schema_version": 0,
          "attributes": {
            "gateway_id": "",
            "id": "rtbassoc-05bd23bfb1a43ff2b",
            "route_table_id": "rtb-011079034e6a14f79",
            "subnet_id": "subnet-06b7701050c133a4e",
            "timeouts": null
          },
          "sensitive_attributes": [],
          "identity_schema_version": 0,
          "private": "eyJlMmJmYjczMC1lY2FhLTExZTYtOGY4OC0zNDM2M2JjN2M0YzAiOnsiY3JlYXRlIjozMDAwMDAwMDAwMDAsImRlbGV0ZSI6MzAwMDAwMDAwMDAwLCJ1cGRhdGUiOjEyMDAwMDAwMDAwMH19",
          "dependencies": [
            "aws_internet_gateway.ob-igw",
            "aws_route_table.ob-public-route-table",
            "aws_subnet.ob-public-subnet",
            "aws_vpc.ob-vpc"
          ]
        }
      ]
    },
    {
      "mode": "managed",
      "type": "aws_route_table_association",
      "name": "ob-public_subnet_association2",
      "provider": "provider[\"registry.terraform.io/hashicorp/aws\"]",
      "instances": [
        {
          "schema_version": 0,
          "attributes": {
            "gateway_id": "",
            "id": "rtbassoc-022965356f23304ca",
            "route_table_id": "rtb-011079034e6a14f79",
            "subnet_id": "subnet-0530ec99d8a7c3907",
            "timeouts": null
          },
          "sensitive_attributes": [],
          "identity_schema_version": 0,
          "private": "eyJlMmJmYjczMC1lY2FhLTExZTYtOGY4OC0zNDM2M2JjN2M0YzAiOnsiY3JlYXRlIjozMDAwMDAwMDAwMDAsImRlbGV0ZSI6MzAwMDAwMDAwMDAwLCJ1cGRhdGUiOjEyMDAwMDAwMDAwMH19",
          "dependencies": [
            "aws_internet_gateway.ob-igw",
            "aws_route_table.ob-public-route-table",
            "aws_subnet.ob-public-subnet2",
            "aws_vpc.ob-vpc"
          ]
        }
      ]
    },
    {
      "mode": "managed",
      "type": "aws_route_table_association",
      "name": "public_subnet_association",
      "provider": "provider[\"registry.terraform.io/hashicorp/aws\"]",
      "instances": [
        {
          "schema_version": 0,
          "attributes": {
            "gateway_id": "",
            "id": "rtbassoc-05bd23bfb1a43ff2b",
            "route_table_id": "rtb-011079034e6a14f79",
            "subnet_id": "subnet-06b7701050c133a4e",
            "timeouts": null
          },
          "sensitive_attributes": [],
          "identity_schema_version": 0,
          "private": "eyJlMmJmYjczMC1lY2FhLTExZTYtOGY4OC0zNDM2M2JjN2M0YzAiOnsiY3JlYXRlIjozMDAwMDAwMDAwMDAsImRlbGV0ZSI6MzAwMDAwMDAwMDAwLCJ1cGRhdGUiOjEyMDAwMDAwMDAwMH19",
          "dependencies": [
            "aws_internet_gateway.ob-igw",
            "aws_route_table.ob-public-route-table",
            "aws_subnet.ob-public-subnet",
            "aws_vpc.ob-vpc"
          ]
        }
      ]
    },
    {
      "mode": "managed",
      "type": "aws_security_group",
      "name": "ob-sg",
      "provider": "provider[\"registry.terraform.io/hashicorp/aws\"]",
      "instances": [
        {
          "schema_version": 1,
          "attributes": {
            "arn": "arn:aws:ec2:us-east-1:961210249824:security-group/sg-0837fc21823f5e151",
            "description": "Permite ingreso http, https y ssh",
            "egress": [
              {
                "cidr_blocks": [
                  "0.0.0.0/0"
                ],
                "description": "Allow all outbound traffic",
                "from_port": 0,
                "ipv6_cidr_blocks": [],
                "prefix_list_ids": [],
                "protocol": "-1",
                "security_groups": [],
                "self": false,
                "to_port": 0
              }
            ],
            "id": "sg-0837fc21823f5e151",
            "ingress": [
              {
                "cidr_blocks": [
                  "0.0.0.0/0"
                ],
                "description": "Allow HTTP",
                "from_port": 80,
                "ipv6_cidr_blocks": [],
                "prefix_list_ids": [],
                "protocol": "tcp",
                "security_groups": [],
                "self": false,
                "to_port": 80
              },
              {
                "cidr_blocks": [
                  "0.0.0.0/0"
                ],
                "description": "Allow HTTPS",
                "from_port": 443,
                "ipv6_cidr_blocks": [],
                "prefix_list_ids": [],
                "protocol": "tcp",
                "security_groups": [],
                "self": false,
                "to_port": 443
              },
              {
                "cidr_blocks": [
                  "0.0.0.0/0"
                ],
                "description": "Allow SSH",
                "from_port": 22,
                "ipv6_cidr_blocks": [],
                "prefix_list_ids": [],
                "protocol": "tcp",
                "security_groups": [],
                "self": false,
                "to_port": 22
              },
              {
                "cidr_blocks": [
                  "10.0.101.0/24",
                  "10.0.102.0/24"
                ],
                "description": "Allow MySQL",
                "from_port": 3306,
                "ipv6_cidr_blocks": [],
                "prefix_list_ids": [],
                "protocol": "tcp",
                "security_groups": [],
                "self": false,
                "to_port": 3306
              }
            ],
            "name": "ob-sg",
            "name_prefix": "",
            "owner_id": "961210249824",
            "revoke_rules_on_delete": false,
            "tags": {
              "Environment": "production",
              "Name": "ob-sg"
            },
            "tags_all": {
              "Environment": "production",
              "Name": "ob-sg"
            },
            "timeouts": null,
            "vpc_id": "vpc-0562818278bf658f5"
          },
          "sensitive_attributes": [],
          "identity_schema_version": 0,
          "private": "eyJlMmJmYjczMC1lY2FhLTExZTYtOGY4OC0zNDM2M2JjN2M0YzAiOnsiY3JlYXRlIjo2MDAwMDAwMDAwMDAsImRlbGV0ZSI6OTAwMDAwMDAwMDAwfSwic2NoZW1hX3ZlcnNpb24iOiIxIn0=",
          "dependencies": [
            "aws_subnet.ob-private-subnet",
            "aws_subnet.ob-private-subnet2",
            "aws_vpc.ob-vpc"
          ]
        }
      ]
    },
    {
      "mode": "managed",
      "type": "aws_subnet",
      "name": "ob-private-subnet",
      "provider": "provider[\"registry.terraform.io/hashicorp/aws\"]",
      "instances": [
        {
          "schema_version": 1,
          "attributes": {
            "arn": "arn:aws:ec2:us-east-1:961210249824:subnet/subnet-0753be4dbabd8ae2c",
            "assign_ipv6_address_on_creation": false,
            "availability_zone": "us-east-1a",
            "availability_zone_id": "use1-az6",
            "cidr_block": "10.0.101.0/24",
            "customer_owned_ipv4_pool": "",
            "enable_dns64": false,
            "enable_lni_at_device_index": 0,
            "enable_resource_name_dns_a_record_on_launch": false,
            "enable_resource_name_dns_aaaa_record_on_launch": false,
            "id": "subnet-0753be4dbabd8ae2c",
            "ipv6_cidr_block": "",
            "ipv6_cidr_block_association_id": "",
            "ipv6_native": false,
            "map_customer_owned_ip_on_launch": false,
            "map_public_ip_on_launch": false,
            "outpost_arn": "",
            "owner_id": "961210249824",
            "private_dns_hostname_type_on_launch": "ip-name",
            "tags": {
              "Name": "terraform-ob-private-subnet"
            },
            "tags_all": {
              "Name": "terraform-ob-private-subnet"
            },
            "timeouts": null,
            "vpc_id": "vpc-0562818278bf658f5"
          },
          "sensitive_attributes": [],
          "identity_schema_version": 0,
          "private": "eyJlMmJmYjczMC1lY2FhLTExZTYtOGY4OC0zNDM2M2JjN2M0YzAiOnsiY3JlYXRlIjo2MDAwMDAwMDAwMDAsImRlbGV0ZSI6MTIwMDAwMDAwMDAwMH0sInNjaGVtYV92ZXJzaW9uIjoiMSJ9",
          "dependencies": [
            "aws_vpc.ob-vpc"
          ]
        }
      ]
    },
    {
      "mode": "managed",
      "type": "aws_subnet",
      "name": "ob-private-subnet2",
      "provider": "provider[\"registry.terraform.io/hashicorp/aws\"]",
      "instances": [
        {
          "schema_version": 1,
          "attributes": {
            "arn": "arn:aws:ec2:us-east-1:961210249824:subnet/subnet-07b6f431cb6ff70fc",
            "assign_ipv6_address_on_creation": false,
            "availability_zone": "us-east-1b",
            "availability_zone_id": "use1-az1",
            "cidr_block": "10.0.102.0/24",
            "customer_owned_ipv4_pool": "",
            "enable_dns64": false,
            "enable_lni_at_device_index": 0,
            "enable_resource_name_dns_a_record_on_launch": false,
            "enable_resource_name_dns_aaaa_record_on_launch": false,
            "id": "subnet-07b6f431cb6ff70fc",
            "ipv6_cidr_block": "",
            "ipv6_cidr_block_association_id": "",
            "ipv6_native": false,
            "map_customer_owned_ip_on_launch": false,
            "map_public_ip_on_launch": false,
            "outpost_arn": "",
            "owner_id": "961210249824",
            "private_dns_hostname_type_on_launch": "ip-name",
            "tags": {
              "Name": "terraform-ob-private-subnet2"
            },
            "tags_all": {
              "Name": "terraform-ob-private-subnet2"
            },
            "timeouts": null,
            "vpc_id": "vpc-0562818278bf658f5"
          },
          "sensitive_attributes": [],
          "identity_schema_version": 0,
          "private": "eyJlMmJmYjczMC1lY2FhLTExZTYtOGY4OC0zNDM2M2JjN2M0YzAiOnsiY3JlYXRlIjo2MDAwMDAwMDAwMDAsImRlbGV0ZSI6MTIwMDAwMDAwMDAwMH0sInNjaGVtYV92ZXJzaW9uIjoiMSJ9",
          "dependencies": [
            "aws_vpc.ob-vpc"
          ]
        }
      ]
    },
    {
      "mode": "managed",
      "type": "aws_subnet",
      "name": "ob-public-subnet",
      "provider": "provider[\"registry.terraform.io/hashicorp/aws\"]",
      "instances": [
        {
          "schema_version": 1,
          "attributes": {
            "arn": "arn:aws:ec2:us-east-1:961210249824:subnet/subnet-06b7701050c133a4e",
            "assign_ipv6_address_on_creation": false,
            "availability_zone": "us-east-1a",
            "availability_zone_id": "use1-az6",
            "cidr_block": "10.0.1.0/24",
            "customer_owned_ipv4_pool": "",
            "enable_dns64": false,
            "enable_lni_at_device_index": 0,
            "enable_resource_name_dns_a_record_on_launch": false,
            "enable_resource_name_dns_aaaa_record_on_launch": false,
            "id": "subnet-06b7701050c133a4e",
            "ipv6_cidr_block": "",
            "ipv6_cidr_block_association_id": "",
            "ipv6_native": false,
            "map_customer_owned_ip_on_launch": false,
            "map_public_ip_on_launch": true,
            "outpost_arn": "",
            "owner_id": "961210249824",
            "private_dns_hostname_type_on_launch": "ip-name",
            "tags": {
              "Name": "terraform-ob-public-subnet"
            },
            "tags_all": {
              "Name": "terraform-ob-public-subnet"
            },
            "timeouts": null,
            "vpc_id": "vpc-0562818278bf658f5"
          },
          "sensitive_attributes": [],
          "identity_schema_version": 0,
          "private": "eyJlMmJmYjczMC1lY2FhLTExZTYtOGY4OC0zNDM2M2JjN2M0YzAiOnsiY3JlYXRlIjo2MDAwMDAwMDAwMDAsImRlbGV0ZSI6MTIwMDAwMDAwMDAwMH0sInNjaGVtYV92ZXJzaW9uIjoiMSJ9",
          "dependencies": [
            "aws_vpc.ob-vpc"
          ]
        }
      ]
    },
    {
      "mode": "managed",
      "type": "aws_subnet",
      "name": "ob-public-subnet2",
      "provider": "provider[\"registry.terraform.io/hashicorp/aws\"]",
      "instances": [
        {
          "schema_version": 1,
          "attributes": {
            "arn": "arn:aws:ec2:us-east-1:961210249824:subnet/subnet-0530ec99d8a7c3907",
            "assign_ipv6_address_on_creation": false,
            "availability_zone": "us-east-1b",
            "availability_zone_id": "use1-az1",
            "cidr_block": "10.0.2.0/24",
            "customer_owned_ipv4_pool": "",
            "enable_dns64": false,
            "enable_lni_at_device_index": 0,
            "enable_resource_name_dns_a_record_on_launch": false,
            "enable_resource_name_dns_aaaa_record_on_launch": false,
            "id": "subnet-0530ec99d8a7c3907",
            "ipv6_cidr_block": "",
            "ipv6_cidr_block_association_id": "",
            "ipv6_native": false,
            "map_customer_owned_ip_on_launch": false,
            "map_public_ip_on_launch": true,
            "outpost_arn": "",
            "owner_id": "961210249824",
            "private_dns_hostname_type_on_launch": "ip-name",
            "tags": {
              "Name": "terraform-ob-public-subnet2"
            },
            "tags_all": {
              "Name": "terraform-ob-public-subnet2"
            },
            "timeouts": null,
            "vpc_id": "vpc-0562818278bf658f5"
          },
          "sensitive_attributes": [],
          "identity_schema_version": 0,
          "private": "eyJlMmJmYjczMC1lY2FhLTExZTYtOGY4OC0zNDM2M2JjN2M0YzAiOnsiY3JlYXRlIjo2MDAwMDAwMDAwMDAsImRlbGV0ZSI6MTIwMDAwMDAwMDAwMH0sInNjaGVtYV92ZXJzaW9uIjoiMSJ9",
          "dependencies": [
            "aws_vpc.ob-vpc"
          ]
        }
      ]
    },
    {
      "mode": "managed",
      "type": "aws_vpc",
      "name": "ob-vpc",
      "provider": "provider[\"registry.terraform.io/hashicorp/aws\"]",
      "instances": [
        {
          "schema_version": 1,
          "attributes": {
            "arn": "arn:aws:ec2:us-east-1:961210249824:vpc/vpc-0562818278bf658f5",
            "assign_generated_ipv6_cidr_block": false,
            "cidr_block": "10.0.0.0/16",
            "default_network_acl_id": "acl-092b1bb5deec1fa67",
            "default_route_table_id": "rtb-022616d666d882587",
            "default_security_group_id": "sg-0c508ac40212bd411",
            "dhcp_options_id": "dopt-08bace3410939dd08",
            "enable_dns_hostnames": true,
            "enable_dns_support": true,
            "enable_network_address_usage_metrics": false,
            "id": "vpc-0562818278bf658f5",
            "instance_tenancy": "default",
            "ipv4_ipam_pool_id": null,
            "ipv4_netmask_length": null,
            "ipv6_association_id": "",
            "ipv6_cidr_block": "",
            "ipv6_cidr_block_network_border_group": "",
            "ipv6_ipam_pool_id": "",
            "ipv6_netmask_length": 0,
            "main_route_table_id": "rtb-022616d666d882587",
            "owner_id": "961210249824",
            "tags": {
              "Name": "ob-vpc"
            },
            "tags_all": {
              "Name": "ob-vpc"
            }
          },
          "sensitive_attributes": [],
          "identity_schema_version": 0,
          "private": "eyJzY2hlbWFfdmVyc2lvbiI6IjEifQ=="
        }
      ]
    }
  ],
  "check_results": null
}
